// !$*UTF8*$!
{
	archiveVersion = 1;
	classes = {
	};
	objectVersion = 50;
	objects = {

/* Begin PBXBuildFile section */
		66B121DB23E87CA700DCF76D /* AppDelegate.swift in Sources */ = {isa = PBXBuildFile; fileRef = 66B121DA23E87CA700DCF76D /* AppDelegate.swift */; };
		66B121DD23E87CA700DCF76D /* SceneDelegate.swift in Sources */ = {isa = PBXBuildFile; fileRef = 66B121DC23E87CA700DCF76D /* SceneDelegate.swift */; };
		66B121DF23E87CA700DCF76D /* SearchViewController.swift in Sources */ = {isa = PBXBuildFile; fileRef = 66B121DE23E87CA700DCF76D /* SearchViewController.swift */; };
		66B121E223E87CA700DCF76D /* Main.storyboard in Resources */ = {isa = PBXBuildFile; fileRef = 66B121E023E87CA700DCF76D /* Main.storyboard */; };
		66B121E423E87CA800DCF76D /* Assets.xcassets in Resources */ = {isa = PBXBuildFile; fileRef = 66B121E323E87CA800DCF76D /* Assets.xcassets */; };
		66B121E723E87CA800DCF76D /* LaunchScreen.storyboard in Resources */ = {isa = PBXBuildFile; fileRef = 66B121E523E87CA800DCF76D /* LaunchScreen.storyboard */; };
		66B121EF23E9C48B00DCF76D /* SearchResult.swift in Sources */ = {isa = PBXBuildFile; fileRef = 66B121EE23E9C48B00DCF76D /* SearchResult.swift */; };
		66B121F123EB2A2B00DCF76D /* SearchResultCell.xib in Resources */ = {isa = PBXBuildFile; fileRef = 66B121F023EB2A2B00DCF76D /* SearchResultCell.xib */; };
		66B121F323EB43DF00DCF76D /* SearchResultCell.swift in Sources */ = {isa = PBXBuildFile; fileRef = 66B121F223EB43DF00DCF76D /* SearchResultCell.swift */; };
		66B121F523EC6CD700DCF76D /* NothingFoundCell.xib in Resources */ = {isa = PBXBuildFile; fileRef = 66B121F423EC6CD700DCF76D /* NothingFoundCell.xib */; };
/* End PBXBuildFile section */

/* Begin PBXFileReference section */
		66B121D723E87CA700DCF76D /* StoreSearch.app */ = {isa = PBXFileReference; explicitFileType = wrapper.application; includeInIndex = 0; path = StoreSearch.app; sourceTree = BUILT_PRODUCTS_DIR; };
		66B121DA23E87CA700DCF76D /* AppDelegate.swift */ = {isa = PBXFileReference; lastKnownFileType = sourcecode.swift; path = AppDelegate.swift; sourceTree = "<group>"; };
		66B121DC23E87CA700DCF76D /* SceneDelegate.swift */ = {isa = PBXFileReference; lastKnownFileType = sourcecode.swift; path = SceneDelegate.swift; sourceTree = "<group>"; };
		66B121DE23E87CA700DCF76D /* SearchViewController.swift */ = {isa = PBXFileReference; lastKnownFileType = sourcecode.swift; path = SearchViewController.swift; sourceTree = "<group>"; };
		66B121E123E87CA700DCF76D /* Base */ = {isa = PBXFileReference; lastKnownFileType = file.storyboard; name = Base; path = Base.lproj/Main.storyboard; sourceTree = "<group>"; };
		66B121E323E87CA800DCF76D /* Assets.xcassets */ = {isa = PBXFileReference; lastKnownFileType = folder.assetcatalog; path = Assets.xcassets; sourceTree = "<group>"; };
		66B121E623E87CA800DCF76D /* Base */ = {isa = PBXFileReference; lastKnownFileType = file.storyboard; name = Base; path = Base.lproj/LaunchScreen.storyboard; sourceTree = "<group>"; };
		66B121E823E87CA800DCF76D /* Info.plist */ = {isa = PBXFileReference; lastKnownFileType = text.plist.xml; path = Info.plist; sourceTree = "<group>"; };
		66B121EE23E9C48B00DCF76D /* SearchResult.swift */ = {isa = PBXFileReference; lastKnownFileType = sourcecode.swift; path = SearchResult.swift; sourceTree = "<group>"; };
		66B121F023EB2A2B00DCF76D /* SearchResultCell.xib */ = {isa = PBXFileReference; lastKnownFileType = file.xib; path = SearchResultCell.xib; sourceTree = "<group>"; };
		66B121F223EB43DF00DCF76D /* SearchResultCell.swift */ = {isa = PBXFileReference; lastKnownFileType = sourcecode.swift; path = SearchResultCell.swift; sourceTree = "<group>"; };
		66B121F423EC6CD700DCF76D /* NothingFoundCell.xib */ = {isa = PBXFileReference; lastKnownFileType = file.xib; path = NothingFoundCell.xib; sourceTree = "<group>"; };
/* End PBXFileReference section */

/* Begin PBXFrameworksBuildPhase section */
		66B121D423E87CA700DCF76D /* Frameworks */ = {
			isa = PBXFrameworksBuildPhase;
			buildActionMask = 2147483647;
			files = (
			);
			runOnlyForDeploymentPostprocessing = 0;
		};
/* End PBXFrameworksBuildPhase section */

/* Begin PBXGroup section */
		66B121CE23E87CA700DCF76D = {
			isa = PBXGroup;
			children = (
				66B121D923E87CA700DCF76D /* StoreSearch */,
				66B121D823E87CA700DCF76D /* Products */,
			);
			sourceTree = "<group>";
		};
		66B121D823E87CA700DCF76D /* Products */ = {
			isa = PBXGroup;
			children = (
				66B121D723E87CA700DCF76D /* StoreSearch.app */,
			);
			name = Products;
			sourceTree = "<group>";
		};
		66B121D923E87CA700DCF76D /* StoreSearch */ = {
			isa = PBXGroup;
			children = (
				66B121DA23E87CA700DCF76D /* AppDelegate.swift */,
				66B121DC23E87CA700DCF76D /* SceneDelegate.swift */,
				66B121DE23E87CA700DCF76D /* SearchViewController.swift */,
				66B121F423EC6CD700DCF76D /* NothingFoundCell.xib */,
				66B121F223EB43DF00DCF76D /* SearchResultCell.swift */,
				66B121F023EB2A2B00DCF76D /* SearchResultCell.xib */,
				66B121EE23E9C48B00DCF76D /* SearchResult.swift */,
				66B121E023E87CA700DCF76D /* Main.storyboard */,
				66B121E323E87CA800DCF76D /* Assets.xcassets */,
				66B121E523E87CA800DCF76D /* LaunchScreen.storyboard */,
				66B121E823E87CA800DCF76D /* Info.plist */,
			);
			path = StoreSearch;
			sourceTree = "<group>";
		};
/* End PBXGroup section */

/* Begin PBXNativeTarget section */
		66B121D623E87CA700DCF76D /* StoreSearch */ = {
			isa = PBXNativeTarget;
			buildConfigurationList = 66B121EB23E87CA800DCF76D /* Build configuration list for PBXNativeTarget "StoreSearch" */;
			buildPhases = (
				66B121D323E87CA700DCF76D /* Sources */,
				66B121D423E87CA700DCF76D /* Frameworks */,
				66B121D523E87CA700DCF76D /* Resources */,
			);
			buildRules = (
			);
			dependencies = (
			);
			name = StoreSearch;
			productName = StoreSearch;
			productReference = 66B121D723E87CA700DCF76D /* StoreSearch.app */;
			productType = "com.apple.product-type.application";
		};
/* End PBXNativeTarget section */

/* Begin PBXProject section */
		66B121CF23E87CA700DCF76D /* Project object */ = {
			isa = PBXProject;
			attributes = {
				LastSwiftUpdateCheck = 1130;
				LastUpgradeCheck = 1130;
				ORGANIZATIONNAME = "Макс Гаравський";
				TargetAttributes = {
					66B121D623E87CA700DCF76D = {
						CreatedOnToolsVersion = 11.3.1;
					};
				};
			};
			buildConfigurationList = 66B121D223E87CA700DCF76D /* Build configuration list for PBXProject "StoreSearch" */;
			compatibilityVersion = "Xcode 9.3";
			developmentRegion = en;
			hasScannedForEncodings = 0;
			knownRegions = (
				en,
				Base,
			);
			mainGroup = 66B121CE23E87CA700DCF76D;
			productRefGroup = 66B121D823E87CA700DCF76D /* Products */;
			projectDirPath = "";
			projectRoot = "";
			targets = (
				66B121D623E87CA700DCF76D /* StoreSearch */,
			);
		};
/* End PBXProject section */

/* Begin PBXResourcesBuildPhase section */
		66B121D523E87CA700DCF76D /* Resources */ = {
			isa = PBXResourcesBuildPhase;
			buildActionMask = 2147483647;
			files = (
				66B121E723E87CA800DCF76D /* LaunchScreen.storyboard in Resources */,
				66B121E423E87CA800DCF76D /* Assets.xcassets in Resources */,
				66B121F123EB2A2B00DCF76D /* SearchResultCell.xib in Resources */,
				66B121F523EC6CD700DCF76D /* NothingFoundCell.xib in Resources */,
				66B121E223E87CA700DCF76D /* Main.storyboard in Resources */,
			);
			runOnlyForDeploymentPostprocessing = 0;
		};
/* End PBXResourcesBuildPhase section */

/* Begin PBXSourcesBuildPhase section */
		66B121D323E87CA700DCF76D /* Sources */ = {
			isa = PBXSourcesBuildPhase;
			buildActionMask = 2147483647;
			files = (
				66B121DF23E87CA700DCF76D /* SearchViewController.swift in Sources */,
				66B121DB23E87CA700DCF76D /* AppDelegate.swift in Sources */,
				66B121EF23E9C48B00DCF76D /* SearchResult.swift in Sources */,
				66B121DD23E87CA700DCF76D /* SceneDelegate.swift in Sources */,
				66B121F323EB43DF00DCF76D /* SearchResultCell.swift in Sources */,
			);
			runOnlyForDeploymentPostprocessing = 0;
		};
/* End PBXSourcesBuildPhase section */

/* Begin PBXVariantGroup section */
		66B121E023E87CA700DCF76D /* Main.storyboard */ = {
			isa = PBXVariantGroup;
			children = (
				66B121E123E87CA700DCF76D /* Base */,
			);
			name = Main.storyboard;
			sourceTree = "<group>";
		};
		66B121E523E87CA800DCF76D /* LaunchScreen.storyboard */ = {
			isa = PBXVariantGroup;
			children = (
				66B121E623E87CA800DCF76D /* Base */,
			);
			name = LaunchScreen.storyboard;
			sourceTree = "<group>";
		};
/* End PBXVariantGroup section */

/* Begin XCBuildConfiguration section */
		66B121E923E87CA800DCF76D /* Debug */ = {
			isa = XCBuildConfiguration;
			buildSettings = {
				ALWAYS_SEARCH_USER_PATHS = NO;
				CLANG_ANALYZER_NONNULL = YES;
				CLANG_ANALYZER_NUMBER_OBJECT_CONVERSION = YES_AGGRESSIVE;
				CLANG_CXX_LANGUAGE_STANDARD = "gnu++14";
				CLANG_CXX_LIBRARY = "libc++";
				CLANG_ENABLE_MODULES = YES;
				CLANG_ENABLE_OBJC_ARC = YES;
				CLANG_ENABLE_OBJC_WEAK = YES;
				CLANG_WARN_BLOCK_CAPTURE_AUTORELEASING = YES;
				CLANG_WARN_BOOL_CONVERSION = YES;
				CLANG_WARN_COMMA = YES;
				CLANG_WARN_CONSTANT_CONVERSION = YES;
				CLANG_WARN_DEPRECATED_OBJC_IMPLEMENTATIONS = YES;
				CLANG_WARN_DIRECT_OBJC_ISA_USAGE = YES_ERROR;
				CLANG_WARN_DOCUMENTATION_COMMENTS = YES;
				CLANG_WARN_EMPTY_BODY = YES;
				CLANG_WARN_ENUM_CONVERSION = YES;
				CLANG_WARN_INFINITE_RECURSION = YES;
				CLANG_WARN_INT_CONVERSION = YES;
				CLANG_WARN_NON_LITERAL_NULL_CONVERSION = YES;
				CLANG_WARN_OBJC_IMPLICIT_RETAIN_SELF = YES;
				CLANG_WARN_OBJC_LITERAL_CONVERSION = YES;
				CLANG_WARN_OBJC_ROOT_CLASS = YES_ERROR;
				CLANG_WARN_RANGE_LOOP_ANALYSIS = YES;
				CLANG_WARN_STRICT_PROTOTYPES = YES;
				CLANG_WARN_SUSPICIOUS_MOVE = YES;
				CLANG_WARN_UNGUARDED_AVAILABILITY = YES_AGGRESSIVE;
				CLANG_WARN_UNREACHABLE_CODE = YES;
				CLANG_WARN__DUPLICATE_METHOD_MATCH = YES;
				COPY_PHASE_STRIP = NO;
				DEBUG_INFORMATION_FORMAT = dwarf;
				ENABLE_STRICT_OBJC_MSGSEND = YES;
				ENABLE_TESTABILITY = YES;
				GCC_C_LANGUAGE_STANDARD = gnu11;
				GCC_DYNAMIC_NO_PIC = NO;
				GCC_NO_COMMON_BLOCKS = YES;
				GCC_OPTIMIZATION_LEVEL = 0;
				GCC_PREPROCESSOR_DEFINITIONS = (
					"DEBUG=1",
					"$(inherited)",
				);
				GCC_WARN_64_TO_32_BIT_CONVERSION = YES;
				GCC_WARN_ABOUT_RETURN_TYPE = YES_ERROR;
				GCC_WARN_UNDECLARED_SELECTOR = YES;
				GCC_WARN_UNINITIALIZED_AUTOS = YES_AGGRESSIVE;
				GCC_WARN_UNUSED_FUNCTION = YES;
				GCC_WARN_UNUSED_VARIABLE = YES;
				IPHONEOS_DEPLOYMENT_TARGET = 13.2;
				MTL_ENABLE_DEBUG_INFO = INCLUDE_SOURCE;
				MTL_FAST_MATH = YES;
				ONLY_ACTIVE_ARCH = YES;
				SDKROOT = iphoneos;
				SWIFT_ACTIVE_COMPILATION_CONDITIONS = DEBUG;
				SWIFT_OPTIMIZATION_LEVEL = "-Onone";
			};
			name = Debug;
		};
		66B121EA23E87CA800DCF76D /* Release */ = {
			isa = XCBuildConfiguration;
			buildSettings = {
				ALWAYS_SEARCH_USER_PATHS = NO;
				CLANG_ANALYZER_NONNULL = YES;
				CLANG_ANALYZER_NUMBER_OBJECT_CONVERSION = YES_AGGRESSIVE;
				CLANG_CXX_LANGUAGE_STANDARD = "gnu++14";
				CLANG_CXX_LIBRARY = "libc++";
				CLANG_ENABLE_MODULES = YES;
				CLANG_ENABLE_OBJC_ARC = YES;
				CLANG_ENABLE_OBJC_WEAK = YES;
				CLANG_WARN_BLOCK_CAPTURE_AUTORELEASING = YES;
				CLANG_WARN_BOOL_CONVERSION = YES;
				CLANG_WARN_COMMA = YES;
				CLANG_WARN_CONSTANT_CONVERSION = YES;
				CLANG_WARN_DEPRECATED_OBJC_IMPLEMENTATIONS = YES;
				CLANG_WARN_DIRECT_OBJC_ISA_USAGE = YES_ERROR;
				CLANG_WARN_DOCUMENTATION_COMMENTS = YES;
				CLANG_WARN_EMPTY_BODY = YES;
				CLANG_WARN_ENUM_CONVERSION = YES;
				CLANG_WARN_INFINITE_RECURSION = YES;
				CLANG_WARN_INT_CONVERSION = YES;
				CLANG_WARN_NON_LITERAL_NULL_CONVERSION = YES;
				CLANG_WARN_OBJC_IMPLICIT_RETAIN_SELF = YES;
				CLANG_WARN_OBJC_LITERAL_CONVERSION = YES;
				CLANG_WARN_OBJC_ROOT_CLASS = YES_ERROR;
				CLANG_WARN_RANGE_LOOP_ANALYSIS = YES;
				CLANG_WARN_STRICT_PROTOTYPES = YES;
				CLANG_WARN_SUSPICIOUS_MOVE = YES;
				CLANG_WARN_UNGUARDED_AVAILABILITY = YES_AGGRESSIVE;
				CLANG_WARN_UNREACHABLE_CODE = YES;
				CLANG_WARN__DUPLICATE_METHOD_MATCH = YES;
				COPY_PHASE_STRIP = NO;
				DEBUG_INFORMATION_FORMAT = "dwarf-with-dsym";
				ENABLE_NS_ASSERTIONS = NO;
				ENABLE_STRICT_OBJC_MSGSEND = YES;
				GCC_C_LANGUAGE_STANDARD = gnu11;
				GCC_NO_COMMON_BLOCKS = YES;
				GCC_WARN_64_TO_32_BIT_CONVERSION = YES;
				GCC_WARN_ABOUT_RETURN_TYPE = YES_ERROR;
				GCC_WARN_UNDECLARED_SELECTOR = YES;
				GCC_WARN_UNINITIALIZED_AUTOS = YES_AGGRESSIVE;
				GCC_WARN_UNUSED_FUNCTION = YES;
				GCC_WARN_UNUSED_VARIABLE = YES;
				IPHONEOS_DEPLOYMENT_TARGET = 13.2;
				MTL_ENABLE_DEBUG_INFO = NO;
				MTL_FAST_MATH = YES;
				SDKROOT = iphoneos;
				SWIFT_COMPILATION_MODE = wholemodule;
				SWIFT_OPTIMIZATION_LEVEL = "-O";
				VALIDATE_PRODUCT = YES;
			};
			name = Release;
		};
		66B121EC23E87CA800DCF76D /* Debug */ = {
			isa = XCBuildConfiguration;
			buildSettings = {
				ASSETCATALOG_COMPILER_APPICON_NAME = AppIcon;
				CODE_SIGN_STYLE = Automatic;
				INFOPLIST_FILE = StoreSearch/Info.plist;
				LD_RUNPATH_SEARCH_PATHS = (
					"$(inherited)",
					"@executable_path/Frameworks",
				);
				PRODUCT_BUNDLE_IDENTIFIER = maxharavskyy.StoreSearch;
				PRODUCT_NAME = "$(TARGET_NAME)";
				SWIFT_VERSION = 5.0;
				TARGETED_DEVICE_FAMILY = "1,2";
			};
			name = Debug;
		};
		66B121ED23E87CA800DCF76D /* Release */ = {
			isa = XCBuildConfiguration;
			buildSettings = {
				ASSETCATALOG_COMPILER_APPICON_NAME = AppIcon;
				CODE_SIGN_STYLE = Automatic;
				INFOPLIST_FILE = StoreSearch/Info.plist;
				LD_RUNPATH_SEARCH_PATHS = (
					"$(inherited)",
					"@executable_path/Frameworks",
				);
				PRODUCT_BUNDLE_IDENTIFIER = maxharavskyy.StoreSearch;
				PRODUCT_NAME = "$(TARGET_NAME)";
				SWIFT_VERSION = 5.0;
				TARGETED_DEVICE_FAMILY = "1,2";
			};
			name = Release;
		};
/* End XCBuildConfiguration section */

/* Begin XCConfigurationList section */
		66B121D223E87CA700DCF76D /* Build configuration list for PBXProject "StoreSearch" */ = {
			isa = XCConfigurationList;
			buildConfigurations = (
				66B121E923E87CA800DCF76D /* Debug */,
				66B121EA23E87CA800DCF76D /* Release */,
			);
			defaultConfigurationIsVisible = 0;
			defaultConfigurationName = Release;
		};
		66B121EB23E87CA800DCF76D /* Build configuration list for PBXNativeTarget "StoreSearch" */ = {
			isa = XCConfigurationList;
			buildConfigurations = (
				66B121EC23E87CA800DCF76D /* Debug */,
				66B121ED23E87CA800DCF76D /* Release */,
			);
			defaultConfigurationIsVisible = 0;
			defaultConfigurationName = Release;
		};
/* End XCConfigurationList section */
	};
	rootObject = 66B121CF23E87CA700DCF76D /* Project object */;
}
